
Microsoft Visual Studio Solution File, Format Version 12.00
# Visual Studio Version 17
VisualStudioVersion = 17.11.35327.3
MinimumVisualStudioVersion = 10.0.40219.1
Project("{FAE04EC0-301F-11D3-BF4B-00C04F79EFBC}") = "Bll_Services", "Bll_Services\Bll_Services.csproj", "{3CBA860A-E411-407E-866C-EFE0479C03E5}"
EndProject
Project("{FAE04EC0-301F-11D3-BF4B-00C04F79EFBC}") = "Dal_Repository", "Dal_Repository\Dal_Repository.csproj", "{6C18B575-5456-478F-9445-9FCB8703738B}"
EndProject
Project("{FAE04EC0-301F-11D3-BF4B-00C04F79EFBC}") = "Dto_common_Entities", "Dto_common_Entities\Dto_common_Entities.csproj", "{C3566E02-E6B9-4979-8516-FDDC8DF0CFFD}"
EndProject
Project("{FAE04EC0-301F-11D3-BF4B-00C04F79EFBC}") = "WebApi", "WebApi\WebApi.csproj", "{19689A55-5D3E-4EBD-9407-56CF986C2397}"
EndProject
Global
	GlobalSection(SolutionConfigurationPlatforms) = preSolution
		Debug|Any CPU = Debug|Any CPU
		Release|Any CPU = Release|Any CPU
	EndGlobalSection
	GlobalSection(ProjectConfigurationPlatforms) = postSolution
		{3CBA860A-E411-407E-866C-EFE0479C03E5}.Debug|Any CPU.ActiveCfg = Debug|Any CPU
		{3CBA860A-E411-407E-866C-EFE0479C03E5}.Debug|Any CPU.Build.0 = Debug|Any CPU
		{3CBA860A-E411-407E-866C-EFE0479C03E5}.Release|Any CPU.ActiveCfg = Release|Any CPU
		{3CBA860A-E411-407E-866C-EFE0479C03E5}.Release|Any CPU.Build.0 = Release|Any CPU
		{6C18B575-5456-478F-9445-9FCB8703738B}.Debug|Any CPU.ActiveCfg = Debug|Any CPU
		{6C18B575-5456-478F-9445-9FCB8703738B}.Debug|Any CPU.Build.0 = Debug|Any CPU
		{6C18B575-5456-478F-9445-9FCB8703738B}.Release|Any CPU.ActiveCfg = Release|Any CPU
		{6C18B575-5456-478F-9445-9FCB8703738B}.Release|Any CPU.Build.0 = Release|Any CPU
		{C3566E02-E6B9-4979-8516-FDDC8DF0CFFD}.Debug|Any CPU.ActiveCfg = Debug|Any CPU
		{C3566E02-E6B9-4979-8516-FDDC8DF0CFFD}.Debug|Any CPU.Build.0 = Debug|Any CPU
		{C3566E02-E6B9-4979-8516-FDDC8DF0CFFD}.Release|Any CPU.ActiveCfg = Release|Any CPU
		{C3566E02-E6B9-4979-8516-FDDC8DF0CFFD}.Release|Any CPU.Build.0 = Release|Any CPU
		{19689A55-5D3E-4EBD-9407-56CF986C2397}.Debug|Any CPU.ActiveCfg = Debug|Any CPU
		{19689A55-5D3E-4EBD-9407-56CF986C2397}.Debug|Any CPU.Build.0 = Debug|Any CPU
		{19689A55-5D3E-4EBD-9407-56CF986C2397}.Release|Any CPU.ActiveCfg = Release|Any CPU
		{19689A55-5D3E-4EBD-9407-56CF986C2397}.Release|Any CPU.Build.0 = Release|Any CPU
	EndGlobalSection
	GlobalSection(SolutionProperties) = preSolution
		HideSolutionNode = FALSE
	EndGlobalSection
	GlobalSection(ExtensibilityGlobals) = postSolution
		SolutionGuid = {888B2E16-7D36-428B-9780-6BBC4E08F93B}
	EndGlobalSection
EndGlobal
